
Microsoft Visual Studio Solution File, Format Version 12.00
# Visual Studio Version 17
VisualStudioVersion = 17.4.33213.308
MinimumVisualStudioVersion = 10.0.40219.1
Project("{FAE04EC0-301F-11D3-BF4B-00C04F79EFBC}") = "WSLMan", "WSLMan\WSLMan.csproj", "{47905406-E60A-4D4C-B7DD-F4F492156F39}"
EndProject
Global
	GlobalSection(SolutionConfigurationPlatforms) = preSolution
		Debug|Any CPU = Debug|Any CPU
		Release|Any CPU = Release|Any CPU
	EndGlobalSection
	GlobalSection(ProjectConfigurationPlatforms) = postSolution
		{47905406-E60A-4D4C-B7DD-F4F492156F39}.Debug|Any CPU.ActiveCfg = Debug|Any CPU
		{47905406-E60A-4D4C-B7DD-F4F492156F39}.Debug|Any CPU.Build.0 = Debug|Any CPU
		{47905406-E60A-4D4C-B7DD-F4F492156F39}.Release|Any CPU.ActiveCfg = Release|Any CPU
		{47905406-E60A-4D4C-B7DD-F4F492156F39}.Release|Any CPU.Build.0 = Release|Any CPU
	EndGlobalSection
	GlobalSection(SolutionProperties) = preSolution
		HideSolutionNode = FALSE
	EndGlobalSection
	GlobalSection(ExtensibilityGlobals) = postSolution
		SolutionGuid = {3A4ADB65-9DDC-498B-9116-D2C26618F164}
	EndGlobalSection
EndGlobal
